
Microsoft Visual Studio Solution File, Format Version 12.00
# Visual Studio Version 17
VisualStudioVersion = 17.13.35806.99 d17.13
MinimumVisualStudioVersion = 10.0.40219.1
Project("{FAE04EC0-301F-11D3-BF4B-00C04F79EFBC}") = "CodeFirstExample2", "CodeFirstExample2\CodeFirstExample2.csproj", "{F453AEE9-02F0-4EE3-9DE4-F21094F6E032}"
EndProject
Global
	GlobalSection(SolutionConfigurationPlatforms) = preSolution
		Debug|Any CPU = Debug|Any CPU
		Release|Any CPU = Release|Any CPU
	EndGlobalSection
	GlobalSection(ProjectConfigurationPlatforms) = postSolution
		{F453AEE9-02F0-4EE3-9DE4-F21094F6E032}.Debug|Any CPU.ActiveCfg = Debug|Any CPU
		{F453AEE9-02F0-4EE3-9DE4-F21094F6E032}.Debug|Any CPU.Build.0 = Debug|Any CPU
		{F453AEE9-02F0-4EE3-9DE4-F21094F6E032}.Release|Any CPU.ActiveCfg = Release|Any CPU
		{F453AEE9-02F0-4EE3-9DE4-F21094F6E032}.Release|Any CPU.Build.0 = Release|Any CPU
	EndGlobalSection
	GlobalSection(SolutionProperties) = preSolution
		HideSolutionNode = FALSE
	EndGlobalSection
	GlobalSection(ExtensibilityGlobals) = postSolution
		SolutionGuid = {3704C17C-EC8C-485E-8FBC-DC6C89737B12}
	EndGlobalSection
EndGlobal
